
Microsoft Visual Studio Solution File, Format Version 12.00
# Visual Studio 15
VisualStudioVersion = 15.0.26730.16
MinimumVisualStudioVersion = 10.0.40219.1
Project("{FAE04EC0-301F-11D3-BF4B-00C04F79EFBC}") = "Proje4A", "Proje4A\Proje4A.csproj", "{B38359B6-0D3F-40DA-B6D4-1101A897E5F2}"
EndProject
Global
	GlobalSection(SolutionConfigurationPlatforms) = preSolution
		Debug|Any CPU = Debug|Any CPU
		Release|Any CPU = Release|Any CPU
	EndGlobalSection
	GlobalSection(ProjectConfigurationPlatforms) = postSolution
		{B38359B6-0D3F-40DA-B6D4-1101A897E5F2}.Debug|Any CPU.ActiveCfg = Debug|Any CPU
		{B38359B6-0D3F-40DA-B6D4-1101A897E5F2}.Debug|Any CPU.Build.0 = Debug|Any CPU
		{B38359B6-0D3F-40DA-B6D4-1101A897E5F2}.Release|Any CPU.ActiveCfg = Release|Any CPU
		{B38359B6-0D3F-40DA-B6D4-1101A897E5F2}.Release|Any CPU.Build.0 = Release|Any CPU
	EndGlobalSection
	GlobalSection(SolutionProperties) = preSolution
		HideSolutionNode = FALSE
	EndGlobalSection
	GlobalSection(ExtensibilityGlobals) = postSolution
		SolutionGuid = {D68C64AA-25B5-4894-9053-9BD58BA542BF}
	EndGlobalSection
EndGlobal
